
Microsoft Visual Studio Solution File, Format Version 12.00
# Visual Studio Version 17
VisualStudioVersion = 17.6.33815.320
MinimumVisualStudioVersion = 10.0.40219.1
Project("{FAE04EC0-301F-11D3-BF4B-00C04F79EFBC}") = "solitaire", "solitaire\solitaire.csproj", "{6F503DDD-7288-4B61-8AA8-7D69B78C27B5}"
EndProject
Global
	GlobalSection(SolutionConfigurationPlatforms) = preSolution
		Debug|Any CPU = Debug|Any CPU
		Release|Any CPU = Release|Any CPU
	EndGlobalSection
	GlobalSection(ProjectConfigurationPlatforms) = postSolution
		{6F503DDD-7288-4B61-8AA8-7D69B78C27B5}.Debug|Any CPU.ActiveCfg = Debug|Any CPU
		{6F503DDD-7288-4B61-8AA8-7D69B78C27B5}.Debug|Any CPU.Build.0 = Debug|Any CPU
		{6F503DDD-7288-4B61-8AA8-7D69B78C27B5}.Release|Any CPU.ActiveCfg = Release|Any CPU
		{6F503DDD-7288-4B61-8AA8-7D69B78C27B5}.Release|Any CPU.Build.0 = Release|Any CPU
	EndGlobalSection
	GlobalSection(SolutionProperties) = preSolution
		HideSolutionNode = FALSE
	EndGlobalSection
	GlobalSection(ExtensibilityGlobals) = postSolution
		SolutionGuid = {76AB487E-7388-4CE1-9AF7-34D81B85EC1E}
	EndGlobalSection
EndGlobal
